
Microsoft Visual Studio Solution File, Format Version 12.00
# Visual Studio Version 17
VisualStudioVersion = 17.10.35013.160
MinimumVisualStudioVersion = 10.0.40219.1
Project("{FAE04EC0-301F-11D3-BF4B-00C04F79EFBC}") = "Nt.Utility", "Nt.Utility\Nt.Utility.csproj", "{564EA921-FCD4-4A64-8BA3-498CCE595738}"
EndProject
Global
	GlobalSection(SolutionConfigurationPlatforms) = preSolution
		Debug|Any CPU = Debug|Any CPU
		Release|Any CPU = Release|Any CPU
	EndGlobalSection
	GlobalSection(ProjectConfigurationPlatforms) = postSolution
		{564EA921-FCD4-4A64-8BA3-498CCE595738}.Debug|Any CPU.ActiveCfg = Debug|Any CPU
		{564EA921-FCD4-4A64-8BA3-498CCE595738}.Debug|Any CPU.Build.0 = Debug|Any CPU
		{564EA921-FCD4-4A64-8BA3-498CCE595738}.Release|Any CPU.ActiveCfg = Release|Any CPU
		{564EA921-FCD4-4A64-8BA3-498CCE595738}.Release|Any CPU.Build.0 = Release|Any CPU
	EndGlobalSection
	GlobalSection(SolutionProperties) = preSolution
		HideSolutionNode = FALSE
	EndGlobalSection
	GlobalSection(ExtensibilityGlobals) = postSolution
		SolutionGuid = {464D223C-498A-465F-98FF-439792E2B6B2}
	EndGlobalSection
EndGlobal
